
Microsoft Visual Studio Solution File, Format Version 12.00
# Visual Studio Version 16
VisualStudioVersion = 16.0.33027.164
MinimumVisualStudioVersion = 10.0.40219.1
Project("{FAE04EC0-301F-11D3-BF4B-00C04F79EFBC}") = "Clone_ADS_DB", "Clone_ADS_DB.csproj", "{A925D04D-2130-42A6-943E-6EF50FB55E92}"
EndProject
Global
	GlobalSection(SolutionConfigurationPlatforms) = preSolution
		Debug|Any CPU = Debug|Any CPU
		Release|Any CPU = Release|Any CPU
	EndGlobalSection
	GlobalSection(ProjectConfigurationPlatforms) = postSolution
		{A925D04D-2130-42A6-943E-6EF50FB55E92}.Debug|Any CPU.ActiveCfg = Debug|Any CPU
		{A925D04D-2130-42A6-943E-6EF50FB55E92}.Debug|Any CPU.Build.0 = Debug|Any CPU
		{A925D04D-2130-42A6-943E-6EF50FB55E92}.Release|Any CPU.ActiveCfg = Release|Any CPU
		{A925D04D-2130-42A6-943E-6EF50FB55E92}.Release|Any CPU.Build.0 = Release|Any CPU
	EndGlobalSection
	GlobalSection(SolutionProperties) = preSolution
		HideSolutionNode = FALSE
	EndGlobalSection
	GlobalSection(ExtensibilityGlobals) = postSolution
		SolutionGuid = {7764E37D-A672-40B9-A370-EBD7CCFD3F97}
	EndGlobalSection
EndGlobal
