
Microsoft Visual Studio Solution File, Format Version 12.00
# Visual Studio Version 17
VisualStudioVersion = 17.6.33829.357
MinimumVisualStudioVersion = 10.0.40219.1
Project("{9A19103F-16F7-4668-BE54-9A1E7A4F7556}") = "Clone_ADS_DB", "Clone_ADS_DB.csproj", "{A925D04D-2130-42A6-943E-6EF50FB55E92}"
EndProject
Project("{54435603-DBB4-11D2-8724-00A0C9A8B90C}") = "Clone_ADS_Installer", "..\Clone_ADS_Installer\Clone_ADS_Installer.vdproj", "{D31AFD68-1F47-47B0-8AEC-FB41BB0B787F}"
EndProject
Global
	GlobalSection(SolutionConfigurationPlatforms) = preSolution
		Debug|x64 = Debug|x64
		Release|x64 = Release|x64
	EndGlobalSection
	GlobalSection(ProjectConfigurationPlatforms) = postSolution
		{A925D04D-2130-42A6-943E-6EF50FB55E92}.Debug|x64.ActiveCfg = Debug|x64
		{A925D04D-2130-42A6-943E-6EF50FB55E92}.Debug|x64.Build.0 = Debug|x64
		{A925D04D-2130-42A6-943E-6EF50FB55E92}.Release|x64.ActiveCfg = Release|x64
		{A925D04D-2130-42A6-943E-6EF50FB55E92}.Release|x64.Build.0 = Release|x64
		{D31AFD68-1F47-47B0-8AEC-FB41BB0B787F}.Debug|x64.ActiveCfg = Debug
		{D31AFD68-1F47-47B0-8AEC-FB41BB0B787F}.Release|x64.ActiveCfg = Release
		{D31AFD68-1F47-47B0-8AEC-FB41BB0B787F}.Release|x64.Build.0 = Release
	EndGlobalSection
	GlobalSection(SolutionProperties) = preSolution
		HideSolutionNode = FALSE
	EndGlobalSection
	GlobalSection(ExtensibilityGlobals) = postSolution
		SolutionGuid = {7764E37D-A672-40B9-A370-EBD7CCFD3F97}
	EndGlobalSection
EndGlobal
